
Microsoft Visual Studio Solution File, Format Version 12.00
# Visual Studio Version 17
VisualStudioVersion = 17.9.34728.123
MinimumVisualStudioVersion = 10.0.40219.1
Project("{FAE04EC0-301F-11D3-BF4B-00C04F79EFBC}") = "personapi-dotnet", "personapi-dotnet\personapi-dotnet.csproj", "{22413A7C-5ED8-47D2-883D-EB5A128DA922}"
EndProject
Global
	GlobalSection(SolutionConfigurationPlatforms) = preSolution
		Debug|Any CPU = Debug|Any CPU
		Release|Any CPU = Release|Any CPU
	EndGlobalSection
	GlobalSection(ProjectConfigurationPlatforms) = postSolution
		{22413A7C-5ED8-47D2-883D-EB5A128DA922}.Debug|Any CPU.ActiveCfg = Debug|Any CPU
		{22413A7C-5ED8-47D2-883D-EB5A128DA922}.Debug|Any CPU.Build.0 = Debug|Any CPU
		{22413A7C-5ED8-47D2-883D-EB5A128DA922}.Release|Any CPU.ActiveCfg = Release|Any CPU
		{22413A7C-5ED8-47D2-883D-EB5A128DA922}.Release|Any CPU.Build.0 = Release|Any CPU
	EndGlobalSection
	GlobalSection(SolutionProperties) = preSolution
		HideSolutionNode = FALSE
	EndGlobalSection
	GlobalSection(ExtensibilityGlobals) = postSolution
		SolutionGuid = {B4777E94-C764-419B-B89D-F6A67EE07C71}
	EndGlobalSection
EndGlobal
